// !$*UTF8*$!
{
	archiveVersion = 1;
	classes = {
	};
	objectVersion = 46;
	objects = {

/* Begin PBXBuildFile section */
		3C10DE241B3F211C00AC218E /* NSTask+LaunchAdditions.m in Sources */ = {isa = PBXBuildFile; fileRef = 3C10DE231B3F211C00AC218E /* NSTask+LaunchAdditions.m */; };
		3C10DE2B1B3F2C6E00AC218E /* SimulatorManager.m in Sources */ = {isa = PBXBuildFile; fileRef = 3C10DE2A1B3F2C6E00AC218E /* SimulatorManager.m */; };
		3C293E601B3F0D2500DDF56E /* AppKit.framework in Frameworks */ = {isa = PBXBuildFile; fileRef = 3C293E5F1B3F0D2500DDF56E /* AppKit.framework */; };
		3C293E621B3F0D2500DDF56E /* Foundation.framework in Frameworks */ = {isa = PBXBuildFile; fileRef = 3C293E611B3F0D2500DDF56E /* Foundation.framework */; };
		3C293E671B3F0D2500DDF56E /* RealmBrowser.xcscheme in Resources */ = {isa = PBXBuildFile; fileRef = 3C293E661B3F0D2500DDF56E /* RealmBrowser.xcscheme */; };
		3C293E6A1B3F0D2500DDF56E /* RealmBrowser.m in Sources */ = {isa = PBXBuildFile; fileRef = 3C293E691B3F0D2500DDF56E /* RealmBrowser.m */; };
		3C293E6D1B3F0D2500DDF56E /* NSObject_Extension.m in Sources */ = {isa = PBXBuildFile; fileRef = 3C293E6C1B3F0D2500DDF56E /* NSObject_Extension.m */; };
		3C69C1BF1B40057B00AFEB8D /* NSFileManager+GlobAdditions.m in Sources */ = {isa = PBXBuildFile; fileRef = 3C69C1BE1B40057B00AFEB8D /* NSFileManager+GlobAdditions.m */; };
/* End PBXBuildFile section */

/* Begin PBXFileReference section */
		3C10DE221B3F211C00AC218E /* NSTask+LaunchAdditions.h */ = {isa = PBXFileReference; fileEncoding = 4; lastKnownFileType = sourcecode.c.h; path = "NSTask+LaunchAdditions.h"; sourceTree = "<group>"; };
		3C10DE231B3F211C00AC218E /* NSTask+LaunchAdditions.m */ = {isa = PBXFileReference; fileEncoding = 4; lastKnownFileType = sourcecode.c.objc; path = "NSTask+LaunchAdditions.m"; sourceTree = "<group>"; };
		3C10DE291B3F2C6E00AC218E /* SimulatorManager.h */ = {isa = PBXFileReference; fileEncoding = 4; lastKnownFileType = sourcecode.c.h; path = SimulatorManager.h; sourceTree = "<group>"; };
		3C10DE2A1B3F2C6E00AC218E /* SimulatorManager.m */ = {isa = PBXFileReference; fileEncoding = 4; lastKnownFileType = sourcecode.c.objc; path = SimulatorManager.m; sourceTree = "<group>"; };
		3C293E5C1B3F0D2500DDF56E /* RealmBrowser.xcplugin */ = {isa = PBXFileReference; explicitFileType = wrapper.cfbundle; includeInIndex = 0; path = RealmBrowser.xcplugin; sourceTree = BUILT_PRODUCTS_DIR; };
		3C293E5F1B3F0D2500DDF56E /* AppKit.framework */ = {isa = PBXFileReference; lastKnownFileType = wrapper.framework; name = AppKit.framework; path = /System/Library/Frameworks/AppKit.framework; sourceTree = "<absolute>"; };
		3C293E611B3F0D2500DDF56E /* Foundation.framework */ = {isa = PBXFileReference; lastKnownFileType = wrapper.framework; name = Foundation.framework; path = /System/Library/Frameworks/Foundation.framework; sourceTree = "<absolute>"; };
		3C293E651B3F0D2500DDF56E /* Info.plist */ = {isa = PBXFileReference; lastKnownFileType = text.plist.xml; path = Info.plist; sourceTree = "<group>"; };
		3C293E661B3F0D2500DDF56E /* RealmBrowser.xcscheme */ = {isa = PBXFileReference; lastKnownFileType = text.xml; name = RealmBrowser.xcscheme; path = RealmBrowser.xcodeproj/xcshareddata/xcschemes/RealmBrowser.xcscheme; sourceTree = SOURCE_ROOT; };
		3C293E681B3F0D2500DDF56E /* RealmBrowser.h */ = {isa = PBXFileReference; lastKnownFileType = sourcecode.c.h; path = RealmBrowser.h; sourceTree = "<group>"; };
		3C293E691B3F0D2500DDF56E /* RealmBrowser.m */ = {isa = PBXFileReference; lastKnownFileType = sourcecode.c.objc; path = RealmBrowser.m; sourceTree = "<group>"; };
		3C293E6B1B3F0D2500DDF56E /* NSObject_Extension.h */ = {isa = PBXFileReference; lastKnownFileType = sourcecode.c.h; path = NSObject_Extension.h; sourceTree = "<group>"; };
		3C293E6C1B3F0D2500DDF56E /* NSObject_Extension.m */ = {isa = PBXFileReference; lastKnownFileType = sourcecode.c.objc; path = NSObject_Extension.m; sourceTree = "<group>"; };
		3C69C1BD1B40057B00AFEB8D /* NSFileManager+GlobAdditions.h */ = {isa = PBXFileReference; fileEncoding = 4; lastKnownFileType = sourcecode.c.h; path = "NSFileManager+GlobAdditions.h"; sourceTree = "<group>"; };
		3C69C1BE1B40057B00AFEB8D /* NSFileManager+GlobAdditions.m */ = {isa = PBXFileReference; fileEncoding = 4; lastKnownFileType = sourcecode.c.objc; path = "NSFileManager+GlobAdditions.m"; sourceTree = "<group>"; };
/* End PBXFileReference section */

/* Begin PBXFrameworksBuildPhase section */
		3C293E5A1B3F0D2500DDF56E /* Frameworks */ = {
			isa = PBXFrameworksBuildPhase;
			buildActionMask = 2147483647;
			files = (
				3C293E601B3F0D2500DDF56E /* AppKit.framework in Frameworks */,
				3C293E621B3F0D2500DDF56E /* Foundation.framework in Frameworks */,
			);
			runOnlyForDeploymentPostprocessing = 0;
		};
/* End PBXFrameworksBuildPhase section */

/* Begin PBXGroup section */
		3C10DE251B3F212400AC218E /* Categories */ = {
			isa = PBXGroup;
			children = (
				3C10DE221B3F211C00AC218E /* NSTask+LaunchAdditions.h */,
				3C10DE231B3F211C00AC218E /* NSTask+LaunchAdditions.m */,
				3C69C1BD1B40057B00AFEB8D /* NSFileManager+GlobAdditions.h */,
				3C69C1BE1B40057B00AFEB8D /* NSFileManager+GlobAdditions.m */,
			);
			name = Categories;
			sourceTree = "<group>";
		};
		3C293E531B3F0D2500DDF56E = {
			isa = PBXGroup;
			children = (
				3C293E631B3F0D2500DDF56E /* RealmBrowser */,
				3C293E5E1B3F0D2500DDF56E /* Frameworks */,
				3C293E5D1B3F0D2500DDF56E /* Products */,
			);
			sourceTree = "<group>";
		};
		3C293E5D1B3F0D2500DDF56E /* Products */ = {
			isa = PBXGroup;
			children = (
				3C293E5C1B3F0D2500DDF56E /* RealmBrowser.xcplugin */,
			);
			name = Products;
			sourceTree = "<group>";
		};
		3C293E5E1B3F0D2500DDF56E /* Frameworks */ = {
			isa = PBXGroup;
			children = (
				3C293E5F1B3F0D2500DDF56E /* AppKit.framework */,
				3C293E611B3F0D2500DDF56E /* Foundation.framework */,
			);
			name = Frameworks;
			sourceTree = "<group>";
		};
		3C293E631B3F0D2500DDF56E /* RealmBrowser */ = {
			isa = PBXGroup;
			children = (
				3C10DE251B3F212400AC218E /* Categories */,
				3C293E6B1B3F0D2500DDF56E /* NSObject_Extension.h */,
				3C293E6C1B3F0D2500DDF56E /* NSObject_Extension.m */,
				3C293E681B3F0D2500DDF56E /* RealmBrowser.h */,
				3C293E691B3F0D2500DDF56E /* RealmBrowser.m */,
				3C10DE291B3F2C6E00AC218E /* SimulatorManager.h */,
				3C10DE2A1B3F2C6E00AC218E /* SimulatorManager.m */,
				3C293E641B3F0D2500DDF56E /* Supporting Files */,
			);
			path = RealmBrowser;
			sourceTree = "<group>";
		};
		3C293E641B3F0D2500DDF56E /* Supporting Files */ = {
			isa = PBXGroup;
			children = (
				3C293E651B3F0D2500DDF56E /* Info.plist */,
				3C293E661B3F0D2500DDF56E /* RealmBrowser.xcscheme */,
			);
			name = "Supporting Files";
			sourceTree = "<group>";
		};
/* End PBXGroup section */

/* Begin PBXNativeTarget section */
		3C293E5B1B3F0D2500DDF56E /* RealmBrowser */ = {
			isa = PBXNativeTarget;
			buildConfigurationList = 3C293E701B3F0D2500DDF56E /* Build configuration list for PBXNativeTarget "RealmBrowser" */;
			buildPhases = (
				3C293E581B3F0D2500DDF56E /* Sources */,
				3C293E591B3F0D2500DDF56E /* Resources */,
				3C293E5A1B3F0D2500DDF56E /* Frameworks */,
			);
			buildRules = (
			);
			dependencies = (
			);
			name = RealmBrowser;
			productName = RealmBrowser;
			productReference = 3C293E5C1B3F0D2500DDF56E /* RealmBrowser.xcplugin */;
			productType = "com.apple.product-type.bundle";
		};
/* End PBXNativeTarget section */

/* Begin PBXProject section */
		3C293E541B3F0D2500DDF56E /* Project object */ = {
			isa = PBXProject;
			attributes = {
				LastUpgradeCheck = 0630;
				ORGANIZATIONNAME = "Kittinun Vantasin";
				TargetAttributes = {
					3C293E5B1B3F0D2500DDF56E = {
						CreatedOnToolsVersion = 6.3.2;
					};
				};
			};
			buildConfigurationList = 3C293E571B3F0D2500DDF56E /* Build configuration list for PBXProject "RealmBrowser" */;
			compatibilityVersion = "Xcode 3.2";
			developmentRegion = English;
			hasScannedForEncodings = 0;
			knownRegions = (
				en,
			);
			mainGroup = 3C293E531B3F0D2500DDF56E;
			productRefGroup = 3C293E5D1B3F0D2500DDF56E /* Products */;
			projectDirPath = "";
			projectRoot = "";
			targets = (
				3C293E5B1B3F0D2500DDF56E /* RealmBrowser */,
			);
		};
/* End PBXProject section */

/* Begin PBXResourcesBuildPhase section */
		3C293E591B3F0D2500DDF56E /* Resources */ = {
			isa = PBXResourcesBuildPhase;
			buildActionMask = 2147483647;
			files = (
				3C293E671B3F0D2500DDF56E /* RealmBrowser.xcscheme in Resources */,
			);
			runOnlyForDeploymentPostprocessing = 0;
		};
/* End PBXResourcesBuildPhase section */

/* Begin PBXSourcesBuildPhase section */
		3C293E581B3F0D2500DDF56E /* Sources */ = {
			isa = PBXSourcesBuildPhase;
			buildActionMask = 2147483647;
			files = (
				3C293E6A1B3F0D2500DDF56E /* RealmBrowser.m in Sources */,
				3C10DE241B3F211C00AC218E /* NSTask+LaunchAdditions.m in Sources */,
				3C69C1BF1B40057B00AFEB8D /* NSFileManager+GlobAdditions.m in Sources */,
				3C293E6D1B3F0D2500DDF56E /* NSObject_Extension.m in Sources */,
				3C10DE2B1B3F2C6E00AC218E /* SimulatorManager.m in Sources */,
			);
			runOnlyForDeploymentPostprocessing = 0;
		};
/* End PBXSourcesBuildPhase section */

/* Begin XCBuildConfiguration section */
		3C293E6E1B3F0D2500DDF56E /* Debug */ = {
			isa = XCBuildConfiguration;
			buildSettings = {
				ALWAYS_SEARCH_USER_PATHS = NO;
				CLANG_CXX_LANGUAGE_STANDARD = "gnu++0x";
				CLANG_CXX_LIBRARY = "libc++";
				CLANG_ENABLE_MODULES = YES;
				CLANG_ENABLE_OBJC_ARC = YES;
				CLANG_WARN_BOOL_CONVERSION = YES;
				CLANG_WARN_CONSTANT_CONVERSION = YES;
				CLANG_WARN_DIRECT_OBJC_ISA_USAGE = YES_ERROR;
				CLANG_WARN_EMPTY_BODY = YES;
				CLANG_WARN_ENUM_CONVERSION = YES;
				CLANG_WARN_INT_CONVERSION = YES;
				CLANG_WARN_OBJC_ROOT_CLASS = YES_ERROR;
				CLANG_WARN_UNREACHABLE_CODE = YES;
				CLANG_WARN__DUPLICATE_METHOD_MATCH = YES;
				COPY_PHASE_STRIP = NO;
				ENABLE_STRICT_OBJC_MSGSEND = YES;
				GCC_C_LANGUAGE_STANDARD = gnu99;
				GCC_DYNAMIC_NO_PIC = NO;
				GCC_NO_COMMON_BLOCKS = YES;
				GCC_OPTIMIZATION_LEVEL = 0;
				GCC_PREPROCESSOR_DEFINITIONS = (
					"DEBUG=1",
					"$(inherited)",
				);
				GCC_SYMBOLS_PRIVATE_EXTERN = NO;
				GCC_WARN_64_TO_32_BIT_CONVERSION = YES;
				GCC_WARN_ABOUT_RETURN_TYPE = YES_ERROR;
				GCC_WARN_UNDECLARED_SELECTOR = YES;
				GCC_WARN_UNINITIALIZED_AUTOS = YES_AGGRESSIVE;
				GCC_WARN_UNUSED_FUNCTION = YES;
				GCC_WARN_UNUSED_VARIABLE = YES;
				MTL_ENABLE_DEBUG_INFO = YES;
				ONLY_ACTIVE_ARCH = YES;
			};
			name = Debug;
		};
		3C293E6F1B3F0D2500DDF56E /* Release */ = {
			isa = XCBuildConfiguration;
			buildSettings = {
				ALWAYS_SEARCH_USER_PATHS = NO;
				CLANG_CXX_LANGUAGE_STANDARD = "gnu++0x";
				CLANG_CXX_LIBRARY = "libc++";
				CLANG_ENABLE_MODULES = YES;
				CLANG_ENABLE_OBJC_ARC = YES;
				CLANG_WARN_BOOL_CONVERSION = YES;
				CLANG_WARN_CONSTANT_CONVERSION = YES;
				CLANG_WARN_DIRECT_OBJC_ISA_USAGE = YES_ERROR;
				CLANG_WARN_EMPTY_BODY = YES;
				CLANG_WARN_ENUM_CONVERSION = YES;
				CLANG_WARN_INT_CONVERSION = YES;
				CLANG_WARN_OBJC_ROOT_CLASS = YES_ERROR;
				CLANG_WARN_UNREACHABLE_CODE = YES;
				CLANG_WARN__DUPLICATE_METHOD_MATCH = YES;
				COPY_PHASE_STRIP = NO;
				ENABLE_NS_ASSERTIONS = NO;
				ENABLE_STRICT_OBJC_MSGSEND = YES;
				GCC_C_LANGUAGE_STANDARD = gnu99;
				GCC_NO_COMMON_BLOCKS = YES;
				GCC_WARN_64_TO_32_BIT_CONVERSION = YES;
				GCC_WARN_ABOUT_RETURN_TYPE = YES_ERROR;
				GCC_WARN_UNDECLARED_SELECTOR = YES;
				GCC_WARN_UNINITIALIZED_AUTOS = YES_AGGRESSIVE;
				GCC_WARN_UNUSED_FUNCTION = YES;
				GCC_WARN_UNUSED_VARIABLE = YES;
				MTL_ENABLE_DEBUG_INFO = NO;
			};
			name = Release;
		};
		3C293E711B3F0D2500DDF56E /* Debug */ = {
			isa = XCBuildConfiguration;
			buildSettings = {
				COMBINE_HIDPI_IMAGES = YES;
				DEPLOYMENT_LOCATION = YES;
				DSTROOT = "$(HOME)";
				INFOPLIST_FILE = RealmBrowser/Info.plist;
				INSTALL_PATH = "/Library/Application Support/Developer/Shared/Xcode/Plug-ins";
				MACOSX_DEPLOYMENT_TARGET = 10.10;
				PRODUCT_NAME = "$(TARGET_NAME)";
				WRAPPER_EXTENSION = xcplugin;
			};
			name = Debug;
		};
		3C293E721B3F0D2500DDF56E /* Release */ = {
			isa = XCBuildConfiguration;
			buildSettings = {
				COMBINE_HIDPI_IMAGES = YES;
				DEPLOYMENT_LOCATION = YES;
				DSTROOT = "$(HOME)";
				INFOPLIST_FILE = RealmBrowser/Info.plist;
				INSTALL_PATH = "/Library/Application Support/Developer/Shared/Xcode/Plug-ins";
				MACOSX_DEPLOYMENT_TARGET = 10.10;
				PRODUCT_NAME = "$(TARGET_NAME)";
				WRAPPER_EXTENSION = xcplugin;
			};
			name = Release;
		};
/* End XCBuildConfiguration section */

/* Begin XCConfigurationList section */
		3C293E571B3F0D2500DDF56E /* Build configuration list for PBXProject "RealmBrowser" */ = {
			isa = XCConfigurationList;
			buildConfigurations = (
				3C293E6E1B3F0D2500DDF56E /* Debug */,
				3C293E6F1B3F0D2500DDF56E /* Release */,
			);
			defaultConfigurationIsVisible = 0;
			defaultConfigurationName = Release;
		};
		3C293E701B3F0D2500DDF56E /* Build configuration list for PBXNativeTarget "RealmBrowser" */ = {
			isa = XCConfigurationList;
			buildConfigurations = (
				3C293E711B3F0D2500DDF56E /* Debug */,
				3C293E721B3F0D2500DDF56E /* Release */,
			);
			defaultConfigurationIsVisible = 0;
			defaultConfigurationName = Release;
		};
/* End XCConfigurationList section */
	};
	rootObject = 3C293E541B3F0D2500DDF56E /* Project object */;
}
